Microsoft Visual Studio Solution File, Format Version 12.00
# Visual Studio Version 17
VisualStudioVersion = 17.5.2.0
MinimumVisualStudioVersion = 10.0.40219.1
Project("{FAE04EC0-301F-11D3-BF4B-00C04F79EFBC}") = "lab2_2", "lab2_2.csproj", "{8CD46173-67FA-D1B0-1567-208A237FCABE}"
EndProject
Global
	GlobalSection(SolutionConfigurationPlatforms) = preSolution
		Debug|Any CPU = Debug|Any CPU
		Release|Any CPU = Release|Any CPU
	EndGlobalSection
	GlobalSection(ProjectConfigurationPlatforms) = postSolution
		{8CD46173-67FA-D1B0-1567-208A237FCABE}.Debug|Any CPU.ActiveCfg = Debug|Any CPU
		{8CD46173-67FA-D1B0-1567-208A237FCABE}.Debug|Any CPU.Build.0 = Debug|Any CPU
		{8CD46173-67FA-D1B0-1567-208A237FCABE}.Release|Any CPU.ActiveCfg = Release|Any CPU
		{8CD46173-67FA-D1B0-1567-208A237FCABE}.Release|Any CPU.Build.0 = Release|Any CPU
	EndGlobalSection
	GlobalSection(SolutionProperties) = preSolution
		HideSolutionNode = FALSE
	EndGlobalSection
	GlobalSection(ExtensibilityGlobals) = postSolution
		SolutionGuid = {6B5E24E6-5EE0-447F-9893-C69DFBBC83CD}
	EndGlobalSection
EndGlobal
